
Microsoft Visual Studio Solution File, Format Version 12.00
# Visual Studio 14
VisualStudioVersion = 14.0.25420.1
MinimumVisualStudioVersion = 10.0.40219.1
Project("{FAE04EC0-301F-11D3-BF4B-00C04F79EFBC}") = "random-test", "random-test\random-test.csproj", "{0882A003-B8BD-4D12-9CE9-23BC64DDF591}"
EndProject
Global
	GlobalSection(SolutionConfigurationPlatforms) = preSolution
		Debug|Any CPU = Debug|Any CPU
		Release|Any CPU = Release|Any CPU
	EndGlobalSection
	GlobalSection(ProjectConfigurationPlatforms) = postSolution
		{0882A003-B8BD-4D12-9CE9-23BC64DDF591}.Debug|Any CPU.ActiveCfg = Debug|Any CPU
		{0882A003-B8BD-4D12-9CE9-23BC64DDF591}.Debug|Any CPU.Build.0 = Debug|Any CPU
		{0882A003-B8BD-4D12-9CE9-23BC64DDF591}.Release|Any CPU.ActiveCfg = Release|Any CPU
		{0882A003-B8BD-4D12-9CE9-23BC64DDF591}.Release|Any CPU.Build.0 = Release|Any CPU
	EndGlobalSection
	GlobalSection(SolutionProperties) = preSolution
		HideSolutionNode = FALSE
	EndGlobalSection
EndGlobal
